
Microsoft Visual Studio Solution File, Format Version 12.00
# Visual Studio 14
VisualStudioVersion = 14.0.25420.1
MinimumVisualStudioVersion = 10.0.40219.1
Project("{FAE04EC0-301F-11D3-BF4B-00C04F79EFBC}") = "Console App", "Console App\Console App.csproj", "{F1168DAE-77FF-4EC1-AF89-5E22C6F84754}"
EndProject
Project("{FAE04EC0-301F-11D3-BF4B-00C04F79EFBC}") = "Class Library", "Class Library\Class Library.csproj", "{FEA1CD00-54E0-41CB-8AA8-C2FE12451620}"
EndProject
Project("{FAE04EC0-301F-11D3-BF4B-00C04F79EFBC}") = "WinForm App", "WinForm App\WinForm App.csproj", "{90E95662-D4C0-483B-B3ED-85BDDC71BDAA}"
EndProject
Global
	GlobalSection(SolutionConfigurationPlatforms) = preSolution
		Debug|Any CPU = Debug|Any CPU
		Release|Any CPU = Release|Any CPU
	EndGlobalSection
	GlobalSection(ProjectConfigurationPlatforms) = postSolution
		{F1168DAE-77FF-4EC1-AF89-5E22C6F84754}.Debug|Any CPU.ActiveCfg = Debug|Any CPU
		{F1168DAE-77FF-4EC1-AF89-5E22C6F84754}.Debug|Any CPU.Build.0 = Debug|Any CPU
		{F1168DAE-77FF-4EC1-AF89-5E22C6F84754}.Release|Any CPU.ActiveCfg = Release|Any CPU
		{F1168DAE-77FF-4EC1-AF89-5E22C6F84754}.Release|Any CPU.Build.0 = Release|Any CPU
		{FEA1CD00-54E0-41CB-8AA8-C2FE12451620}.Debug|Any CPU.ActiveCfg = Debug|Any CPU
		{FEA1CD00-54E0-41CB-8AA8-C2FE12451620}.Debug|Any CPU.Build.0 = Debug|Any CPU
		{FEA1CD00-54E0-41CB-8AA8-C2FE12451620}.Release|Any CPU.ActiveCfg = Release|Any CPU
		{FEA1CD00-54E0-41CB-8AA8-C2FE12451620}.Release|Any CPU.Build.0 = Release|Any CPU
		{90E95662-D4C0-483B-B3ED-85BDDC71BDAA}.Debug|Any CPU.ActiveCfg = Debug|Any CPU
		{90E95662-D4C0-483B-B3ED-85BDDC71BDAA}.Debug|Any CPU.Build.0 = Debug|Any CPU
		{90E95662-D4C0-483B-B3ED-85BDDC71BDAA}.Release|Any CPU.ActiveCfg = Release|Any CPU
		{90E95662-D4C0-483B-B3ED-85BDDC71BDAA}.Release|Any CPU.Build.0 = Release|Any CPU
	EndGlobalSection
	GlobalSection(SolutionProperties) = preSolution
		HideSolutionNode = FALSE
	EndGlobalSection
EndGlobal
